
Microsoft Visual Studio Solution File, Format Version 12.00
# Visual Studio Version 17
VisualStudioVersion = 17.10.35004.147
MinimumVisualStudioVersion = 10.0.40219.1
Project("{9A19103F-16F7-4668-BE54-9A1E7A4F7556}") = "WikidleBackend", "WikidleBackend\WikidleBackend.csproj", "{B2AE6EA0-C565-4F8A-92DD-60A61923DF75}"
EndProject
Project("{FAE04EC0-301F-11D3-BF4B-00C04F79EFBC}") = "WikiDataExtractor", "WikiDataExtractor\WikiDataExtractor.csproj", "{67DE1C31-7E56-410F-8125-24A1E1D1E2F4}"
EndProject
Global
	GlobalSection(SolutionConfigurationPlatforms) = preSolution
		Debug|Any CPU = Debug|Any CPU
		Release|Any CPU = Release|Any CPU
	EndGlobalSection
	GlobalSection(ProjectConfigurationPlatforms) = postSolution
		{B2AE6EA0-C565-4F8A-92DD-60A61923DF75}.Debug|Any CPU.ActiveCfg = Debug|Any CPU
		{B2AE6EA0-C565-4F8A-92DD-60A61923DF75}.Debug|Any CPU.Build.0 = Debug|Any CPU
		{B2AE6EA0-C565-4F8A-92DD-60A61923DF75}.Release|Any CPU.ActiveCfg = Release|Any CPU
		{B2AE6EA0-C565-4F8A-92DD-60A61923DF75}.Release|Any CPU.Build.0 = Release|Any CPU
		{67DE1C31-7E56-410F-8125-24A1E1D1E2F4}.Debug|Any CPU.ActiveCfg = Debug|Any CPU
		{67DE1C31-7E56-410F-8125-24A1E1D1E2F4}.Debug|Any CPU.Build.0 = Debug|Any CPU
		{67DE1C31-7E56-410F-8125-24A1E1D1E2F4}.Release|Any CPU.ActiveCfg = Release|Any CPU
		{67DE1C31-7E56-410F-8125-24A1E1D1E2F4}.Release|Any CPU.Build.0 = Release|Any CPU
	EndGlobalSection
	GlobalSection(SolutionProperties) = preSolution
		HideSolutionNode = FALSE
	EndGlobalSection
	GlobalSection(ExtensibilityGlobals) = postSolution
		SolutionGuid = {32534584-3B40-461A-B93B-C9911C68ADC5}
	EndGlobalSection
EndGlobal
